{
  "name": "lmark",
  "version": "0.1.0",
  "lockfileVersion": 3,
  "requires": true,
  "packages": {
    "": {
      "name": "lmark",
      "version": "0.1.0",
      "license": "MIT",
      "dependencies": {
        "electron-updater": "^6.8.9"
      },
      "devDependencies": {
        "electron": "^37.2.6",
        "electron-builder": "^26.0.12"
      }
    },
    "node_modules/@electron/asar": {
      "version": "3.4.1",
      "resolved": "https://registry.npmjs.org/@electron/asar/-/asar-3.4.1.tgz",
      "integrity": "sha512-i4/rNPRS84t0vSRa2HorerGRXWyF4vThfHesw0dmcWHp+cspK743UanA0suA5Q5y8kzY2y6YKrvbIUn69BCAiA==",
      "dev": true,
      "license": "MIT",
      "dependencies": {
        "commander": "^5.0.0",
        "glob": "^7.1.6",
        "minimatch": "^3.0.4"
      },
      "bin": {
        "asar": "bin/asar.js"
      },
      "engines": {
        "node": ">=10.12.0"
      }
    },
